
Microsoft Visual Studio Solution File, Format Version 12.00
# Visual Studio 14
VisualStudioVersion = 14.0.25420.1
MinimumVisualStudioVersion = 10.0.40219.1
Project("{FAE04EC0-301F-11D3-BF4B-00C04F79EFBC}") = "MicroLite.Logging.Serilog.NET45", "MicroLite.Logging.Serilog\MicroLite.Logging.Serilog.NET45.csproj", "{518A6171-DA26-4BD7-B589-DC451B397672}"
EndProject
Global
	GlobalSection(SolutionConfigurationPlatforms) = preSolution
		Debug|Any CPU = Debug|Any CPU
		Release|Any CPU = Release|Any CPU
	EndGlobalSection
	GlobalSection(ProjectConfigurationPlatforms) = postSolution
		{518A6171-DA26-4BD7-B589-DC451B397672}.Debug|Any CPU.ActiveCfg = Debug|Any CPU
		{518A6171-DA26-4BD7-B589-DC451B397672}.Debug|Any CPU.Build.0 = Debug|Any CPU
		{518A6171-DA26-4BD7-B589-DC451B397672}.Release|Any CPU.ActiveCfg = Release|Any CPU
		{518A6171-DA26-4BD7-B589-DC451B397672}.Release|Any CPU.Build.0 = Release|Any CPU
	EndGlobalSection
	GlobalSection(SolutionProperties) = preSolution
		HideSolutionNode = FALSE
	EndGlobalSection
EndGlobal
